
Microsoft Visual Studio Solution File, Format Version 12.00
# Visual Studio Version 16
VisualStudioVersion = 16.0.31424.327
MinimumVisualStudioVersion = 10.0.40219.1
Project("{9A19103F-16F7-4668-BE54-9A1E7A4F7556}") = "MoodAnalyzer", "MoodAnalyzer.csproj", "{7376A82E-DEDE-44D9-A8FC-C6B65FF7BEF9}"
EndProject
Project("{FAE04EC0-301F-11D3-BF4B-00C04F79EFBC}") = "MoodAnalyzerTesting", "..\MoodAnalyzerTesting\MoodAnalyzerTesting.csproj", "{99601132-2185-4E45-8A05-8669DF74383A}"
EndProject
Global
	GlobalSection(SolutionConfigurationPlatforms) = preSolution
		Debug|Any CPU = Debug|Any CPU
		Release|Any CPU = Release|Any CPU
	EndGlobalSection
	GlobalSection(ProjectConfigurationPlatforms) = postSolution
		{7376A82E-DEDE-44D9-A8FC-C6B65FF7BEF9}.Debug|Any CPU.ActiveCfg = Debug|Any CPU
		{7376A82E-DEDE-44D9-A8FC-C6B65FF7BEF9}.Debug|Any CPU.Build.0 = Debug|Any CPU
		{7376A82E-DEDE-44D9-A8FC-C6B65FF7BEF9}.Release|Any CPU.ActiveCfg = Release|Any CPU
		{7376A82E-DEDE-44D9-A8FC-C6B65FF7BEF9}.Release|Any CPU.Build.0 = Release|Any CPU
		{99601132-2185-4E45-8A05-8669DF74383A}.Debug|Any CPU.ActiveCfg = Debug|Any CPU
		{99601132-2185-4E45-8A05-8669DF74383A}.Debug|Any CPU.Build.0 = Debug|Any CPU
		{99601132-2185-4E45-8A05-8669DF74383A}.Release|Any CPU.ActiveCfg = Release|Any CPU
		{99601132-2185-4E45-8A05-8669DF74383A}.Release|Any CPU.Build.0 = Release|Any CPU
	EndGlobalSection
	GlobalSection(SolutionProperties) = preSolution
		HideSolutionNode = FALSE
	EndGlobalSection
	GlobalSection(ExtensibilityGlobals) = postSolution
		SolutionGuid = {12F0C387-7389-4D62-82F7-196FCF5C4268}
	EndGlobalSection
EndGlobal
